
Microsoft Visual Studio Solution File, Format Version 12.00
# Visual Studio 15
VisualStudioVersion = 15.0.28010.2036
MinimumVisualStudioVersion = 10.0.40219.1
Project("{9A19103F-16F7-4668-BE54-9A1E7A4F7556}") = "Web", "Web\Web.csproj", "{E4D55374-E78A-454C-8A33-356AD285EC0A}"
EndProject
Project("{9A19103F-16F7-4668-BE54-9A1E7A4F7556}") = "Domain", "Domain\Domain.csproj", "{793D0BBD-D79F-4C51-9E9F-9D05DCA546C4}"
EndProject
Project("{FAE04EC0-301F-11D3-BF4B-00C04F79EFBC}") = "Test", "Test\Test.csproj", "{2C15DEA3-D35A-43FF-B62C-E7CFBE4DDFDE}"
EndProject
Global
	GlobalSection(SolutionConfigurationPlatforms) = preSolution
		Debug|Any CPU = Debug|Any CPU
		Release|Any CPU = Release|Any CPU
	EndGlobalSection
	GlobalSection(ProjectConfigurationPlatforms) = postSolution
		{E4D55374-E78A-454C-8A33-356AD285EC0A}.Debug|Any CPU.ActiveCfg = Debug|Any CPU
		{E4D55374-E78A-454C-8A33-356AD285EC0A}.Debug|Any CPU.Build.0 = Debug|Any CPU
		{E4D55374-E78A-454C-8A33-356AD285EC0A}.Release|Any CPU.ActiveCfg = Release|Any CPU
		{E4D55374-E78A-454C-8A33-356AD285EC0A}.Release|Any CPU.Build.0 = Release|Any CPU
		{793D0BBD-D79F-4C51-9E9F-9D05DCA546C4}.Debug|Any CPU.ActiveCfg = Debug|Any CPU
		{793D0BBD-D79F-4C51-9E9F-9D05DCA546C4}.Debug|Any CPU.Build.0 = Debug|Any CPU
		{793D0BBD-D79F-4C51-9E9F-9D05DCA546C4}.Release|Any CPU.ActiveCfg = Release|Any CPU
		{793D0BBD-D79F-4C51-9E9F-9D05DCA546C4}.Release|Any CPU.Build.0 = Release|Any CPU
		{2C15DEA3-D35A-43FF-B62C-E7CFBE4DDFDE}.Debug|Any CPU.ActiveCfg = Debug|Any CPU
		{2C15DEA3-D35A-43FF-B62C-E7CFBE4DDFDE}.Debug|Any CPU.Build.0 = Debug|Any CPU
		{2C15DEA3-D35A-43FF-B62C-E7CFBE4DDFDE}.Release|Any CPU.ActiveCfg = Release|Any CPU
		{2C15DEA3-D35A-43FF-B62C-E7CFBE4DDFDE}.Release|Any CPU.Build.0 = Release|Any CPU
	EndGlobalSection
	GlobalSection(SolutionProperties) = preSolution
		HideSolutionNode = FALSE
	EndGlobalSection
	GlobalSection(ExtensibilityGlobals) = postSolution
		SolutionGuid = {13303641-FC29-4D52-B52E-3F6E86DBC6D3}
	EndGlobalSection
EndGlobal
